
Microsoft Visual Studio Solution File, Format Version 12.00
# Visual Studio Version 17
VisualStudioVersion = 17.10.35027.167
MinimumVisualStudioVersion = 10.0.40219.1
Project("{FAE04EC0-301F-11D3-BF4B-00C04F79EFBC}") = "Reversing a String c#", "Reversing a String c#.csproj", "{C1FABFA8-A455-42B7-AADD-3B4FAE4D5CD7}"
EndProject
Global
	GlobalSection(SolutionConfigurationPlatforms) = preSolution
		Debug|Any CPU = Debug|Any CPU
		Release|Any CPU = Release|Any CPU
	EndGlobalSection
	GlobalSection(ProjectConfigurationPlatforms) = postSolution
		{C1FABFA8-A455-42B7-AADD-3B4FAE4D5CD7}.Debug|Any CPU.ActiveCfg = Debug|Any CPU
		{C1FABFA8-A455-42B7-AADD-3B4FAE4D5CD7}.Debug|Any CPU.Build.0 = Debug|Any CPU
		{C1FABFA8-A455-42B7-AADD-3B4FAE4D5CD7}.Release|Any CPU.ActiveCfg = Release|Any CPU
		{C1FABFA8-A455-42B7-AADD-3B4FAE4D5CD7}.Release|Any CPU.Build.0 = Release|Any CPU
	EndGlobalSection
	GlobalSection(SolutionProperties) = preSolution
		HideSolutionNode = FALSE
	EndGlobalSection
	GlobalSection(ExtensibilityGlobals) = postSolution
		SolutionGuid = {0D516015-0317-4E9A-AD98-3B93F16F6760}
	EndGlobalSection
EndGlobal
